
Microsoft Visual Studio Solution File, Format Version 12.00
# Visual Studio Version 17
VisualStudioVersion = 17.11.35222.181
MinimumVisualStudioVersion = 10.0.40219.1
Project("{FAE04EC0-301F-11D3-BF4B-00C04F79EFBC}") = "EDM-SITEK", "EDM-SITEK\EDM-SITEK.csproj", "{29C4506A-BFDF-4F69-9517-AA30A7761F52}"
EndProject
Global
	GlobalSection(SolutionConfigurationPlatforms) = preSolution
		Debug|Any CPU = Debug|Any CPU
		Release|Any CPU = Release|Any CPU
	EndGlobalSection
	GlobalSection(ProjectConfigurationPlatforms) = postSolution
		{29C4506A-BFDF-4F69-9517-AA30A7761F52}.Debug|Any CPU.ActiveCfg = Debug|Any CPU
		{29C4506A-BFDF-4F69-9517-AA30A7761F52}.Debug|Any CPU.Build.0 = Debug|Any CPU
		{29C4506A-BFDF-4F69-9517-AA30A7761F52}.Release|Any CPU.ActiveCfg = Release|Any CPU
		{29C4506A-BFDF-4F69-9517-AA30A7761F52}.Release|Any CPU.Build.0 = Release|Any CPU
	EndGlobalSection
	GlobalSection(SolutionProperties) = preSolution
		HideSolutionNode = FALSE
	EndGlobalSection
	GlobalSection(ExtensibilityGlobals) = postSolution
		SolutionGuid = {6619C4A9-867A-4FDA-9C4B-6FEC88D27E49}
	EndGlobalSection
EndGlobal
